
Microsoft Visual Studio Solution File, Format Version 12.00
# Visual Studio Version 16
VisualStudioVersion = 16.0.31729.503
MinimumVisualStudioVersion = 10.0.40219.1
Project("{9A19103F-16F7-4668-BE54-9A1E7A4F7556}") = "LexiconVendingMachine", "LexiconVendingMachine\LexiconVendingMachine.csproj", "{9ED7D9D6-7953-4508-B32F-BE5D17B0D3E1}"
EndProject
Project("{FAE04EC0-301F-11D3-BF4B-00C04F79EFBC}") = "LexiconVendingMachine.Tests", "LexiconVendingMachine.Tests\LexiconVendingMachine.Tests.csproj", "{894387DC-6913-4165-B1CD-74D38EA80C4F}"
EndProject
Global
	GlobalSection(SolutionConfigurationPlatforms) = preSolution
		Debug|Any CPU = Debug|Any CPU
		Release|Any CPU = Release|Any CPU
	EndGlobalSection
	GlobalSection(ProjectConfigurationPlatforms) = postSolution
		{9ED7D9D6-7953-4508-B32F-BE5D17B0D3E1}.Debug|Any CPU.ActiveCfg = Debug|Any CPU
		{9ED7D9D6-7953-4508-B32F-BE5D17B0D3E1}.Debug|Any CPU.Build.0 = Debug|Any CPU
		{9ED7D9D6-7953-4508-B32F-BE5D17B0D3E1}.Release|Any CPU.ActiveCfg = Release|Any CPU
		{9ED7D9D6-7953-4508-B32F-BE5D17B0D3E1}.Release|Any CPU.Build.0 = Release|Any CPU
		{894387DC-6913-4165-B1CD-74D38EA80C4F}.Debug|Any CPU.ActiveCfg = Debug|Any CPU
		{894387DC-6913-4165-B1CD-74D38EA80C4F}.Debug|Any CPU.Build.0 = Debug|Any CPU
		{894387DC-6913-4165-B1CD-74D38EA80C4F}.Release|Any CPU.ActiveCfg = Release|Any CPU
		{894387DC-6913-4165-B1CD-74D38EA80C4F}.Release|Any CPU.Build.0 = Release|Any CPU
	EndGlobalSection
	GlobalSection(SolutionProperties) = preSolution
		HideSolutionNode = FALSE
	EndGlobalSection
	GlobalSection(ExtensibilityGlobals) = postSolution
		SolutionGuid = {28EC514A-776C-4841-8437-4953008A8638}
	EndGlobalSection
EndGlobal
